# THIS IS AN AUTOGENERATED FILE. DO NOT EDIT THIS FILE DIRECTLY.
# yarn lockfile v1


jquery@^3.6.0, jquery@x.*:
  version "3.6.0"
  resolved "https://registry.yarnpkg.com/jquery/-/jquery-3.6.0.tgz#c72a09f15c1bdce142f49dbf1170bdf8adac2470"
  integrity sha512-JVzAR/AjBvVt2BmYhxRCSYysDsPcssdmTFnzyLEts9qNwmjmu4JTAMYubEfwVOSwpQ1I1sKKFcxhZCI2buerfw==

popper.js@^1.16.1:
  version "1.16.1"
  resolved "https://registry.yarnpkg.com/popper.js/-/popper.js-1.16.1.tgz#2a223cb3dc7b6213d740e40372be40de43e65b1b"
  integrity sha512-Wb4p1J4zyFTbM+u6WuO4XstYx4Ky9Cewe4DWrel7B0w6VVICvPwdOpotjzcf6eD8TsckVnIMNONQyPIUFOUbCQ==

semantic-ui-css@^2.4.1:
  version "2.4.1"
  resolved "https://registry.yarnpkg.com/semantic-ui-css/-/semantic-ui-css-2.4.1.tgz#f5aea39fafb787cbd905ec724272a3f9cba9004a"
  integrity sha512-Pkp0p9oWOxlH0kODx7qFpIRYpK1T4WJOO4lNnpNPOoWKCrYsfHqYSKgk5fHfQtnWnsAKy7nLJMW02bgDWWFZFg==
  dependencies:
    jquery x.*

semantic-ui-sass@^2.4.2:
  version "2.4.2"
  resolved "https://registry.yarnpkg.com/semantic-ui-sass/-/semantic-ui-sass-2.4.2.tgz#ac1151ecf2c1b3d41fe55e4e4db5144a5d90cfec"
  integrity sha512-UgDCDHqc36kBWjHqVOhYcm12Dewiro6SY80OUBUuSXEKRVn6Uph47OGB+JnGzblRbcmUNdNedGSAwZg8Pk6sDQ==
